
Microsoft Visual Studio Solution File, Format Version 12.00
# Visual Studio Version 17
VisualStudioVersion = 17.8.34408.163
MinimumVisualStudioVersion = 10.0.40219.1
Project("{9A19103F-16F7-4668-BE54-9A1E7A4F7556}") = "ToDo", "ToDo\ToDo.csproj", "{326537D5-F353-4496-B4AA-73C47D81CDE2}"
EndProject
Project("{9A19103F-16F7-4668-BE54-9A1E7A4F7556}") = "ToDo.DataAccess", "ToDo.DataAccess\ToDo.DataAccess.csproj", "{EA51A5EB-B08D-41A9-B927-A1502FEE88E2}"
EndProject
Project("{9A19103F-16F7-4668-BE54-9A1E7A4F7556}") = "ToDo.Models", "ToDo.Models\ToDo.Models.csproj", "{E3251753-110E-4CC8-94CE-0C2619283D3B}"
EndProject
Project("{FAE04EC0-301F-11D3-BF4B-00C04F79EFBC}") = "ToDo.Utility", "Utility\ToDo.Utility.csproj", "{0884CDEF-1965-4A7A-9A7A-EDC4030D7C03}"
EndProject
Global
	GlobalSection(SolutionConfigurationPlatforms) = preSolution
		Debug|Any CPU = Debug|Any CPU
		Release|Any CPU = Release|Any CPU
	EndGlobalSection
	GlobalSection(ProjectConfigurationPlatforms) = postSolution
		{326537D5-F353-4496-B4AA-73C47D81CDE2}.Debug|Any CPU.ActiveCfg = Debug|Any CPU
		{326537D5-F353-4496-B4AA-73C47D81CDE2}.Debug|Any CPU.Build.0 = Debug|Any CPU
		{326537D5-F353-4496-B4AA-73C47D81CDE2}.Release|Any CPU.ActiveCfg = Release|Any CPU
		{326537D5-F353-4496-B4AA-73C47D81CDE2}.Release|Any CPU.Build.0 = Release|Any CPU
		{EA51A5EB-B08D-41A9-B927-A1502FEE88E2}.Debug|Any CPU.ActiveCfg = Debug|Any CPU
		{EA51A5EB-B08D-41A9-B927-A1502FEE88E2}.Debug|Any CPU.Build.0 = Debug|Any CPU
		{EA51A5EB-B08D-41A9-B927-A1502FEE88E2}.Release|Any CPU.ActiveCfg = Release|Any CPU
		{EA51A5EB-B08D-41A9-B927-A1502FEE88E2}.Release|Any CPU.Build.0 = Release|Any CPU
		{E3251753-110E-4CC8-94CE-0C2619283D3B}.Debug|Any CPU.ActiveCfg = Debug|Any CPU
		{E3251753-110E-4CC8-94CE-0C2619283D3B}.Debug|Any CPU.Build.0 = Debug|Any CPU
		{E3251753-110E-4CC8-94CE-0C2619283D3B}.Release|Any CPU.ActiveCfg = Release|Any CPU
		{E3251753-110E-4CC8-94CE-0C2619283D3B}.Release|Any CPU.Build.0 = Release|Any CPU
		{0884CDEF-1965-4A7A-9A7A-EDC4030D7C03}.Debug|Any CPU.ActiveCfg = Debug|Any CPU
		{0884CDEF-1965-4A7A-9A7A-EDC4030D7C03}.Debug|Any CPU.Build.0 = Debug|Any CPU
		{0884CDEF-1965-4A7A-9A7A-EDC4030D7C03}.Release|Any CPU.ActiveCfg = Release|Any CPU
		{0884CDEF-1965-4A7A-9A7A-EDC4030D7C03}.Release|Any CPU.Build.0 = Release|Any CPU
	EndGlobalSection
	GlobalSection(SolutionProperties) = preSolution
		HideSolutionNode = FALSE
	EndGlobalSection
	GlobalSection(ExtensibilityGlobals) = postSolution
		SolutionGuid = {7461CD90-4431-47A8-8264-8422D360155E}
	EndGlobalSection
EndGlobal
